
Microsoft Visual Studio Solution File, Format Version 12.00
Project("{FAE04EC0-301F-11D3-BF4B-00C04F79EFBC}") = "Bufa.Functions.ProcessDocs", "Bufa.Functions.ProcessDocs\Bufa.Functions.ProcessDocs.csproj", "{CE4BDBCE-6794-43D0-9C5B-13840723D8FD}"
EndProject
Global
	GlobalSection(SolutionConfigurationPlatforms) = preSolution
		Debug|Any CPU = Debug|Any CPU
		Release|Any CPU = Release|Any CPU
	EndGlobalSection
	GlobalSection(ProjectConfigurationPlatforms) = postSolution
		{CE4BDBCE-6794-43D0-9C5B-13840723D8FD}.Debug|Any CPU.ActiveCfg = Debug|Any CPU
		{CE4BDBCE-6794-43D0-9C5B-13840723D8FD}.Debug|Any CPU.Build.0 = Debug|Any CPU
		{CE4BDBCE-6794-43D0-9C5B-13840723D8FD}.Release|Any CPU.ActiveCfg = Release|Any CPU
		{CE4BDBCE-6794-43D0-9C5B-13840723D8FD}.Release|Any CPU.Build.0 = Release|Any CPU
	EndGlobalSection
EndGlobal
